
Microsoft Visual Studio Solution File, Format Version 12.00
# Visual Studio 14
VisualStudioVersion = 14.0.23107.0
MinimumVisualStudioVersion = 10.0.40219.1
Project("{2150E333-8FDC-42A3-9474-1A3956D46DE8}") = "5552101f47fc5178b1000050", "5552101f47fc5178b1000050", "{12100E2C-C8A8-49F6-AEBB-1F18267257BC}"
EndProject
Project("{FAE04EC0-301F-11D3-BF4B-00C04F79EFBC}") = "PlayingWithDigits", "5552101f47fc5178b1000050\PlayingWithDigits\PlayingWithDigits.csproj", "{B5E5E0D6-E2ED-4721-90C4-0885402D69ED}"
EndProject
Project("{FAE04EC0-301F-11D3-BF4B-00C04F79EFBC}") = "PlayingWithDigits.Tests", "5552101f47fc5178b1000050\PlayingWithDigits.Tests\PlayingWithDigits.Tests.csproj", "{BE22AEF3-76FD-42B6-ACF9-CA9BCF8C8ADA}"
EndProject
Project("{2150E333-8FDC-42A3-9474-1A3956D46DE8}") = "54c9fcad28ec4c6e680011aa", "54c9fcad28ec4c6e680011aa", "{90CED0F7-42D5-43B9-B929-03BE09D538B8}"
EndProject
Project("{FAE04EC0-301F-11D3-BF4B-00C04F79EFBC}") = "MergedStringChecker", "54c9fcad28ec4c6e680011aa\MergedStringChecker\MergedStringChecker.csproj", "{D1AE8489-4684-4D4F-8F47-F20B2D276987}"
EndProject
Project("{FAE04EC0-301F-11D3-BF4B-00C04F79EFBC}") = "MergedStringChecker.Tests", "54c9fcad28ec4c6e680011aa\MergedStringChecker.Tests\MergedStringChecker.Tests.csproj", "{F714D753-0866-44DD-87C4-315495148EF5}"
EndProject
Project("{2150E333-8FDC-42A3-9474-1A3956D46DE8}") = "5412509bd436bd33920011bc", "5412509bd436bd33920011bc", "{E427C857-20F0-405E-9C3A-64BC87C8CBEB}"
EndProject
Project("{FAE04EC0-301F-11D3-BF4B-00C04F79EFBC}") = "CreditCardMask", "5412509bd436bd33920011bc\CreditCardMask\CreditCardMask.csproj", "{FB6FE200-5B68-4337-8EA5-70197EA63D02}"
EndProject
Project("{FAE04EC0-301F-11D3-BF4B-00C04F79EFBC}") = "CreditCardMask.Tests", "5412509bd436bd33920011bc\CreditCardMask.Tests\CreditCardMask.Tests.csproj", "{6CDAC10E-3D9F-48BA-A182-B2913F8C0D3C}"
EndProject
Project("{2150E333-8FDC-42A3-9474-1A3956D46DE8}") = "539de388a540db7fec000642", "539de388a540db7fec000642", "{4187E731-D8E1-4C33-B63E-C1A3B02F1D08}"
EndProject
Project("{FAE04EC0-301F-11D3-BF4B-00C04F79EFBC}") = "TheCouponCode", "539de388a540db7fec000642\TheCouponCode\TheCouponCode.csproj", "{50ED84EC-E814-44B6-9A3B-577A7E50C086}"
EndProject
Project("{FAE04EC0-301F-11D3-BF4B-00C04F79EFBC}") = "TheCouponCode.Tests", "539de388a540db7fec000642\TheCouponCode.Tests\TheCouponCode.Tests.csproj", "{BEBA34EF-A865-49B9-A93F-2192FA2DC695}"
EndProject
Global
	GlobalSection(SolutionConfigurationPlatforms) = preSolution
		Debug|Any CPU = Debug|Any CPU
		Release|Any CPU = Release|Any CPU
	EndGlobalSection
	GlobalSection(ProjectConfigurationPlatforms) = postSolution
		{B5E5E0D6-E2ED-4721-90C4-0885402D69ED}.Debug|Any CPU.ActiveCfg = Debug|Any CPU
		{B5E5E0D6-E2ED-4721-90C4-0885402D69ED}.Debug|Any CPU.Build.0 = Debug|Any CPU
		{B5E5E0D6-E2ED-4721-90C4-0885402D69ED}.Release|Any CPU.ActiveCfg = Release|Any CPU
		{B5E5E0D6-E2ED-4721-90C4-0885402D69ED}.Release|Any CPU.Build.0 = Release|Any CPU
		{BE22AEF3-76FD-42B6-ACF9-CA9BCF8C8ADA}.Debug|Any CPU.ActiveCfg = Debug|Any CPU
		{BE22AEF3-76FD-42B6-ACF9-CA9BCF8C8ADA}.Debug|Any CPU.Build.0 = Debug|Any CPU
		{BE22AEF3-76FD-42B6-ACF9-CA9BCF8C8ADA}.Release|Any CPU.ActiveCfg = Release|Any CPU
		{BE22AEF3-76FD-42B6-ACF9-CA9BCF8C8ADA}.Release|Any CPU.Build.0 = Release|Any CPU
		{D1AE8489-4684-4D4F-8F47-F20B2D276987}.Debug|Any CPU.ActiveCfg = Debug|Any CPU
		{D1AE8489-4684-4D4F-8F47-F20B2D276987}.Debug|Any CPU.Build.0 = Debug|Any CPU
		{D1AE8489-4684-4D4F-8F47-F20B2D276987}.Release|Any CPU.ActiveCfg = Release|Any CPU
		{D1AE8489-4684-4D4F-8F47-F20B2D276987}.Release|Any CPU.Build.0 = Release|Any CPU
		{F714D753-0866-44DD-87C4-315495148EF5}.Debug|Any CPU.ActiveCfg = Debug|Any CPU
		{F714D753-0866-44DD-87C4-315495148EF5}.Debug|Any CPU.Build.0 = Debug|Any CPU
		{F714D753-0866-44DD-87C4-315495148EF5}.Release|Any CPU.ActiveCfg = Release|Any CPU
		{F714D753-0866-44DD-87C4-315495148EF5}.Release|Any CPU.Build.0 = Release|Any CPU
		{FB6FE200-5B68-4337-8EA5-70197EA63D02}.Debug|Any CPU.ActiveCfg = Debug|Any CPU
		{FB6FE200-5B68-4337-8EA5-70197EA63D02}.Debug|Any CPU.Build.0 = Debug|Any CPU
		{FB6FE200-5B68-4337-8EA5-70197EA63D02}.Release|Any CPU.ActiveCfg = Release|Any CPU
		{FB6FE200-5B68-4337-8EA5-70197EA63D02}.Release|Any CPU.Build.0 = Release|Any CPU
		{6CDAC10E-3D9F-48BA-A182-B2913F8C0D3C}.Debug|Any CPU.ActiveCfg = Debug|Any CPU
		{6CDAC10E-3D9F-48BA-A182-B2913F8C0D3C}.Debug|Any CPU.Build.0 = Debug|Any CPU
		{6CDAC10E-3D9F-48BA-A182-B2913F8C0D3C}.Release|Any CPU.ActiveCfg = Release|Any CPU
		{6CDAC10E-3D9F-48BA-A182-B2913F8C0D3C}.Release|Any CPU.Build.0 = Release|Any CPU
		{50ED84EC-E814-44B6-9A3B-577A7E50C086}.Debug|Any CPU.ActiveCfg = Debug|Any CPU
		{50ED84EC-E814-44B6-9A3B-577A7E50C086}.Debug|Any CPU.Build.0 = Debug|Any CPU
		{50ED84EC-E814-44B6-9A3B-577A7E50C086}.Release|Any CPU.ActiveCfg = Release|Any CPU
		{50ED84EC-E814-44B6-9A3B-577A7E50C086}.Release|Any CPU.Build.0 = Release|Any CPU
		{BEBA34EF-A865-49B9-A93F-2192FA2DC695}.Debug|Any CPU.ActiveCfg = Debug|Any CPU
		{BEBA34EF-A865-49B9-A93F-2192FA2DC695}.Debug|Any CPU.Build.0 = Debug|Any CPU
		{BEBA34EF-A865-49B9-A93F-2192FA2DC695}.Release|Any CPU.ActiveCfg = Release|Any CPU
		{BEBA34EF-A865-49B9-A93F-2192FA2DC695}.Release|Any CPU.Build.0 = Release|Any CPU
	EndGlobalSection
	GlobalSection(SolutionProperties) = preSolution
		HideSolutionNode = FALSE
	EndGlobalSection
	GlobalSection(NestedProjects) = preSolution
		{B5E5E0D6-E2ED-4721-90C4-0885402D69ED} = {12100E2C-C8A8-49F6-AEBB-1F18267257BC}
		{BE22AEF3-76FD-42B6-ACF9-CA9BCF8C8ADA} = {12100E2C-C8A8-49F6-AEBB-1F18267257BC}
		{D1AE8489-4684-4D4F-8F47-F20B2D276987} = {90CED0F7-42D5-43B9-B929-03BE09D538B8}
		{F714D753-0866-44DD-87C4-315495148EF5} = {90CED0F7-42D5-43B9-B929-03BE09D538B8}
		{FB6FE200-5B68-4337-8EA5-70197EA63D02} = {E427C857-20F0-405E-9C3A-64BC87C8CBEB}
		{6CDAC10E-3D9F-48BA-A182-B2913F8C0D3C} = {E427C857-20F0-405E-9C3A-64BC87C8CBEB}
		{50ED84EC-E814-44B6-9A3B-577A7E50C086} = {4187E731-D8E1-4C33-B63E-C1A3B02F1D08}
		{BEBA34EF-A865-49B9-A93F-2192FA2DC695} = {4187E731-D8E1-4C33-B63E-C1A3B02F1D08}
	EndGlobalSection
EndGlobal
